
Microsoft Visual Studio Solution File, Format Version 12.00
Project("{FAE04EC0-301F-11D3-BF4B-00C04F79EFBC}") = "SymmetricalTelegramBot", "SymmetricalTelegramBot\SymmetricalTelegramBot.csproj", "{0D862E03-153D-4413-A684-51700FFFC03E}"
EndProject
Project("{2150E333-8FDC-42A3-9474-1A3956D46DE8}") = "Solution Items", "Solution Items", "{E3D129D6-4C68-4A17-84DF-AF7DD33BFAF3}"
	ProjectSection(SolutionItems) = preProject
		docker-compose.yml = docker-compose.yml
	EndProjectSection
EndProject
Global
	GlobalSection(SolutionConfigurationPlatforms) = preSolution
		Debug|Any CPU = Debug|Any CPU
		Release|Any CPU = Release|Any CPU
	EndGlobalSection
	GlobalSection(ProjectConfigurationPlatforms) = postSolution
		{0D862E03-153D-4413-A684-51700FFFC03E}.Debug|Any CPU.ActiveCfg = Debug|Any CPU
		{0D862E03-153D-4413-A684-51700FFFC03E}.Debug|Any CPU.Build.0 = Debug|Any CPU
		{0D862E03-153D-4413-A684-51700FFFC03E}.Release|Any CPU.ActiveCfg = Release|Any CPU
		{0D862E03-153D-4413-A684-51700FFFC03E}.Release|Any CPU.Build.0 = Release|Any CPU
	EndGlobalSection
EndGlobal
